
Microsoft Visual Studio Solution File, Format Version 12.00
# Visual Studio 2012
Project("{FAE04EC0-301F-11D3-BF4B-00C04F79EFBC}") = "Newtonsoft.Json", "Newtonsoft.Json\Newtonsoft.Json.csproj", "{A9AE40FF-1A21-414A-9FE7-3BE13644CC6D}"
EndProject
Project("{FAE04EC0-301F-11D3-BF4B-00C04F79EFBC}") = "Bitnet.Client", "Bitnet.Client\Bitnet.Client.csproj", "{B2B4E7BA-D125-4B0D-A26E-7121A78DE8EF}"
EndProject
Project("{FAE04EC0-301F-11D3-BF4B-00C04F79EFBC}") = "BlockchainBloater", "BlockchainBloater\BlockchainBloater.csproj", "{C754DCA2-17D9-47F8-8068-34485DAB1F57}"
EndProject
Global
	GlobalSection(SolutionConfigurationPlatforms) = preSolution
		Debug|Any CPU = Debug|Any CPU
		Debug|Mixed Platforms = Debug|Mixed Platforms
		Debug|x86 = Debug|x86
		Release|Any CPU = Release|Any CPU
		Release|Mixed Platforms = Release|Mixed Platforms
		Release|x86 = Release|x86
	EndGlobalSection
	GlobalSection(ProjectConfigurationPlatforms) = postSolution
		{A9AE40FF-1A21-414A-9FE7-3BE13644CC6D}.Debug|Any CPU.ActiveCfg = Debug|Any CPU
		{A9AE40FF-1A21-414A-9FE7-3BE13644CC6D}.Debug|Any CPU.Build.0 = Debug|Any CPU
		{A9AE40FF-1A21-414A-9FE7-3BE13644CC6D}.Debug|Mixed Platforms.ActiveCfg = Debug|Any CPU
		{A9AE40FF-1A21-414A-9FE7-3BE13644CC6D}.Debug|Mixed Platforms.Build.0 = Debug|Any CPU
		{A9AE40FF-1A21-414A-9FE7-3BE13644CC6D}.Debug|x86.ActiveCfg = Debug|Any CPU
		{A9AE40FF-1A21-414A-9FE7-3BE13644CC6D}.Release|Any CPU.ActiveCfg = Release|Any CPU
		{A9AE40FF-1A21-414A-9FE7-3BE13644CC6D}.Release|Any CPU.Build.0 = Release|Any CPU
		{A9AE40FF-1A21-414A-9FE7-3BE13644CC6D}.Release|Mixed Platforms.ActiveCfg = Release|Any CPU
		{A9AE40FF-1A21-414A-9FE7-3BE13644CC6D}.Release|Mixed Platforms.Build.0 = Release|Any CPU
		{A9AE40FF-1A21-414A-9FE7-3BE13644CC6D}.Release|x86.ActiveCfg = Release|Any CPU
		{B2B4E7BA-D125-4B0D-A26E-7121A78DE8EF}.Debug|Any CPU.ActiveCfg = Debug|Any CPU
		{B2B4E7BA-D125-4B0D-A26E-7121A78DE8EF}.Debug|Any CPU.Build.0 = Debug|Any CPU
		{B2B4E7BA-D125-4B0D-A26E-7121A78DE8EF}.Debug|Mixed Platforms.ActiveCfg = Debug|Any CPU
		{B2B4E7BA-D125-4B0D-A26E-7121A78DE8EF}.Debug|Mixed Platforms.Build.0 = Debug|Any CPU
		{B2B4E7BA-D125-4B0D-A26E-7121A78DE8EF}.Debug|x86.ActiveCfg = Debug|Any CPU
		{B2B4E7BA-D125-4B0D-A26E-7121A78DE8EF}.Release|Any CPU.ActiveCfg = Release|Any CPU
		{B2B4E7BA-D125-4B0D-A26E-7121A78DE8EF}.Release|Any CPU.Build.0 = Release|Any CPU
		{B2B4E7BA-D125-4B0D-A26E-7121A78DE8EF}.Release|Mixed Platforms.ActiveCfg = Release|Any CPU
		{B2B4E7BA-D125-4B0D-A26E-7121A78DE8EF}.Release|Mixed Platforms.Build.0 = Release|Any CPU
		{B2B4E7BA-D125-4B0D-A26E-7121A78DE8EF}.Release|x86.ActiveCfg = Release|Any CPU
		{C754DCA2-17D9-47F8-8068-34485DAB1F57}.Debug|Any CPU.ActiveCfg = Debug|Any CPU
		{C754DCA2-17D9-47F8-8068-34485DAB1F57}.Debug|Any CPU.Build.0 = Debug|Any CPU
		{C754DCA2-17D9-47F8-8068-34485DAB1F57}.Debug|Mixed Platforms.ActiveCfg = Debug|Any CPU
		{C754DCA2-17D9-47F8-8068-34485DAB1F57}.Debug|Mixed Platforms.Build.0 = Debug|Any CPU
		{C754DCA2-17D9-47F8-8068-34485DAB1F57}.Debug|x86.ActiveCfg = Debug|Any CPU
		{C754DCA2-17D9-47F8-8068-34485DAB1F57}.Release|Any CPU.ActiveCfg = Release|Any CPU
		{C754DCA2-17D9-47F8-8068-34485DAB1F57}.Release|Any CPU.Build.0 = Release|Any CPU
		{C754DCA2-17D9-47F8-8068-34485DAB1F57}.Release|Mixed Platforms.ActiveCfg = Release|Any CPU
		{C754DCA2-17D9-47F8-8068-34485DAB1F57}.Release|Mixed Platforms.Build.0 = Release|Any CPU
		{C754DCA2-17D9-47F8-8068-34485DAB1F57}.Release|x86.ActiveCfg = Release|Any CPU
	EndGlobalSection
	GlobalSection(SolutionProperties) = preSolution
		HideSolutionNode = FALSE
	EndGlobalSection
EndGlobal
